
Microsoft Visual Studio Solution File, Format Version 12.00
# Visual Studio Version 17
VisualStudioVersion = 17.13.35931.197 d17.13
MinimumVisualStudioVersion = 10.0.40219.1
Project("{FAE04EC0-301F-11D3-BF4B-00C04F79EFBC}") = "Case2-Solution", "Case2-Solution\Case2-Solution.csproj", "{7FB0A3AE-1C9A-41F7-AE34-9AA6199D0843}"
EndProject
Global
	GlobalSection(SolutionConfigurationPlatforms) = preSolution
		Debug|Any CPU = Debug|Any CPU
		Release|Any CPU = Release|Any CPU
	EndGlobalSection
	GlobalSection(ProjectConfigurationPlatforms) = postSolution
		{7FB0A3AE-1C9A-41F7-AE34-9AA6199D0843}.Debug|Any CPU.ActiveCfg = Debug|Any CPU
		{7FB0A3AE-1C9A-41F7-AE34-9AA6199D0843}.Debug|Any CPU.Build.0 = Debug|Any CPU
		{7FB0A3AE-1C9A-41F7-AE34-9AA6199D0843}.Release|Any CPU.ActiveCfg = Release|Any CPU
		{7FB0A3AE-1C9A-41F7-AE34-9AA6199D0843}.Release|Any CPU.Build.0 = Release|Any CPU
	EndGlobalSection
	GlobalSection(SolutionProperties) = preSolution
		HideSolutionNode = FALSE
	EndGlobalSection
	GlobalSection(ExtensibilityGlobals) = postSolution
		SolutionGuid = {FC4B6235-722A-463F-A2A6-7274E62889E9}
	EndGlobalSection
EndGlobal
